
Microsoft Visual Studio Solution File, Format Version 12.00
# Visual Studio Version 16
VisualStudioVersion = 16.0.32413.511
MinimumVisualStudioVersion = 10.0.40219.1
Project("{8BC9CEB8-8B4A-11D0-8D11-00A0C91BC942}") = "test", "test\test.vcxproj", "{29BB2174-5D5F-4B1D-8F00-0DC44082A406}"
EndProject
Global
	GlobalSection(SolutionConfigurationPlatforms) = preSolution
		Debug|x64 = Debug|x64
		Debug|x86 = Debug|x86
		Release|x64 = Release|x64
		Release|x86 = Release|x86
	EndGlobalSection
	GlobalSection(ProjectConfigurationPlatforms) = postSolution
		{29BB2174-5D5F-4B1D-8F00-0DC44082A406}.Debug|x64.ActiveCfg = Debug|x64
		{29BB2174-5D5F-4B1D-8F00-0DC44082A406}.Debug|x64.Build.0 = Debug|x64
		{29BB2174-5D5F-4B1D-8F00-0DC44082A406}.Debug|x86.ActiveCfg = Debug|Win32
		{29BB2174-5D5F-4B1D-8F00-0DC44082A406}.Debug|x86.Build.0 = Debug|Win32
		{29BB2174-5D5F-4B1D-8F00-0DC44082A406}.Release|x64.ActiveCfg = Release|x64
		{29BB2174-5D5F-4B1D-8F00-0DC44082A406}.Release|x64.Build.0 = Release|x64
		{29BB2174-5D5F-4B1D-8F00-0DC44082A406}.Release|x86.ActiveCfg = Release|Win32
		{29BB2174-5D5F-4B1D-8F00-0DC44082A406}.Release|x86.Build.0 = Release|Win32
	EndGlobalSection
	GlobalSection(SolutionProperties) = preSolution
		HideSolutionNode = FALSE
	EndGlobalSection
	GlobalSection(ExtensibilityGlobals) = postSolution
		SolutionGuid = {A482F0F5-C6CB-42C5-838A-0B9AE36BE9D4}
	EndGlobalSection
EndGlobal
